// !$*UTF8*$!
{
	archiveVersion = 1;
	classes = {
	};
	objectVersion = 56;
	objects = {

/* Begin PBXBuildFile section */
		0502B48B293765AB0091E21E /* FilterListViewController.swift in Sources */ = {isa = PBXBuildFile; fileRef = 0502B48A293765AB0091E21E /* FilterListViewController.swift */; };
		0502B48D293765BA0091E21E /* FilterListViewModel.swift in Sources */ = {isa = PBXBuildFile; fileRef = 0502B48C293765BA0091E21E /* FilterListViewModel.swift */; };
		0502B4902937660C0091E21E /* FilterListModel.swift in Sources */ = {isa = PBXBuildFile; fileRef = 0502B48F2937660C0091E21E /* FilterListModel.swift */; };
		0502B4922937682F0091E21E /* FilterListCellView.swift in Sources */ = {isa = PBXBuildFile; fileRef = 0502B4912937682F0091E21E /* FilterListCellView.swift */; };
		051778F0292B5F26008EE768 /* TransactionDecodableModel.swift in Sources */ = {isa = PBXBuildFile; fileRef = 051778EF292B5F26008EE768 /* TransactionDecodableModel.swift */; };
		051778F8292B8B47008EE768 /* RxCocoa in Frameworks */ = {isa = PBXBuildFile; productRef = 051778F7292B8B47008EE768 /* RxCocoa */; };
		051778FA292B8B47008EE768 /* RxSwift in Frameworks */ = {isa = PBXBuildFile; productRef = 051778F9292B8B47008EE768 /* RxSwift */; };
		051778FC292BA05B008EE768 /* EndPoint.swift in Sources */ = {isa = PBXBuildFile; fileRef = 051778FB292BA05B008EE768 /* EndPoint.swift */; };
		052B5CDA292CF65F00ED8EBD /* NetworkService.swift in Sources */ = {isa = PBXBuildFile; fileRef = 052B5CD9292CF65F00ED8EBD /* NetworkService.swift */; };
		053563DB295C35BF00B1B998 /* TransactionListItemModel.swift in Sources */ = {isa = PBXBuildFile; fileRef = 053563DA295C35BF00B1B998 /* TransactionListItemModel.swift */; };
		054A0E772952FFB600524971 /* TransactionListRepository.swift in Sources */ = {isa = PBXBuildFile; fileRef = 054A0E762952FFB600524971 /* TransactionListRepository.swift */; };
		055C32EA293C60D4001FFB36 /* TransactionDetailModel.swift in Sources */ = {isa = PBXBuildFile; fileRef = 055C32E9293C60D4001FFB36 /* TransactionDetailModel.swift */; };
		055C32EC293CAB2F001FFB36 /* TransactionDetailViewModel.swift in Sources */ = {isa = PBXBuildFile; fileRef = 055C32EB293CAB2F001FFB36 /* TransactionDetailViewModel.swift */; };
		055C32EE293CABC1001FFB36 /* TransactionDetailViewController.swift in Sources */ = {isa = PBXBuildFile; fileRef = 055C32ED293CABC1001FFB36 /* TransactionDetailViewController.swift */; };
		056E8E4729332C1700A4BF14 /* String+DateExtension .swift in Sources */ = {isa = PBXBuildFile; fileRef = 056E8E4629332C1700A4BF14 /* String+DateExtension .swift */; };
		056E8E5429339DD200A4BF14 /* TotalAmoutView.swift in Sources */ = {isa = PBXBuildFile; fileRef = 056E8E5329339DD200A4BF14 /* TotalAmoutView.swift */; };
		058905D4292E0122006308DD /* NetworkMonitor.swift in Sources */ = {isa = PBXBuildFile; fileRef = 058905D3292E0122006308DD /* NetworkMonitor.swift */; };
		058905DA292E23E6006308DD /* TransactionListViewModel.swift in Sources */ = {isa = PBXBuildFile; fileRef = 058905D9292E23E6006308DD /* TransactionListViewModel.swift */; };
		058905DC292E23F7006308DD /* TransactionListViewController.swift in Sources */ = {isa = PBXBuildFile; fileRef = 058905DB292E23F7006308DD /* TransactionListViewController.swift */; };
		058905E0292E25BD006308DD /* TransactionListCellView.swift in Sources */ = {isa = PBXBuildFile; fileRef = 058905DF292E25BD006308DD /* TransactionListCellView.swift */; };
		058905E2292E25E2006308DD /* TransactionBusinessModel.swift in Sources */ = {isa = PBXBuildFile; fileRef = 058905E1292E25E2006308DD /* TransactionBusinessModel.swift */; };
		05AC65622920E51F0042CB5B /* AppDelegate.swift in Sources */ = {isa = PBXBuildFile; fileRef = 05AC65612920E51F0042CB5B /* AppDelegate.swift */; };
		05AC656B2920E5200042CB5B /* Assets.xcassets in Resources */ = {isa = PBXBuildFile; fileRef = 05AC656A2920E5200042CB5B /* Assets.xcassets */; };
		05AC656E2920E5200042CB5B /* LaunchScreen.storyboard in Resources */ = {isa = PBXBuildFile; fileRef = 05AC656C2920E5200042CB5B /* LaunchScreen.storyboard */; };
		05AC65792920E5200042CB5B /* WorldOfPAYBACKTests.swift in Sources */ = {isa = PBXBuildFile; fileRef = 05AC65782920E5200042CB5B /* WorldOfPAYBACKTests.swift */; };
		05AC65832920E5200042CB5B /* WorldOfPAYBACKUITests.swift in Sources */ = {isa = PBXBuildFile; fileRef = 05AC65822920E5200042CB5B /* WorldOfPAYBACKUITests.swift */; };
		05AC65852920E5200042CB5B /* WorldOfPAYBACKUITestsLaunchTests.swift in Sources */ = {isa = PBXBuildFile; fileRef = 05AC65842920E5200042CB5B /* WorldOfPAYBACKUITestsLaunchTests.swift */; };
		05C91A01292B463600D14A0F /* PBTransactions.json in Resources */ = {isa = PBXBuildFile; fileRef = 05C91A00292B463600D14A0F /* PBTransactions.json */; };
		05F797202958251B00F617EF /* TransactionEndPoint.swift in Sources */ = {isa = PBXBuildFile; fileRef = 05F7971F2958251B00F617EF /* TransactionEndPoint.swift */; };
		05F7972929587D1F00F617EF /* TransactionRemoteDataSource.swift in Sources */ = {isa = PBXBuildFile; fileRef = 05F7972829587D1F00F617EF /* TransactionRemoteDataSource.swift */; };
		05F7972B2958850A00F617EF /* TransactionLocalDataSource.swift in Sources */ = {isa = PBXBuildFile; fileRef = 05F7972A2958850A00F617EF /* TransactionLocalDataSource.swift */; };
		E89BA19729281DD50054656C /* AppCoordinator.swift in Sources */ = {isa = PBXBuildFile; fileRef = E89BA19629281DD50054656C /* AppCoordinator.swift */; };
/* End PBXBuildFile section */

/* Begin PBXContainerItemProxy section */
		05AC65752920E5200042CB5B /* PBXContainerItemProxy */ = {
			isa = PBXContainerItemProxy;
			containerPortal = 05AC65562920E51F0042CB5B /* Project object */;
			proxyType = 1;
			remoteGlobalIDString = 05AC655D2920E51F0042CB5B;
			remoteInfo = WorldOfPAYBACK;
		};
		05AC657F2920E5200042CB5B /* PBXContainerItemProxy */ = {
			isa = PBXContainerItemProxy;
			containerPortal = 05AC65562920E51F0042CB5B /* Project object */;
			proxyType = 1;
			remoteGlobalIDString = 05AC655D2920E51F0042CB5B;
			remoteInfo = WorldOfPAYBACK;
		};
/* End PBXContainerItemProxy section */

/* Begin PBXFileReference section */
		0502B48A293765AB0091E21E /* FilterListViewController.swift */ = {isa = PBXFileReference; lastKnownFileType = sourcecode.swift; path = FilterListViewController.swift; sourceTree = "<group>"; };
		0502B48C293765BA0091E21E /* FilterListViewModel.swift */ = {isa = PBXFileReference; lastKnownFileType = sourcecode.swift; path = FilterListViewModel.swift; sourceTree = "<group>"; };
		0502B48F2937660C0091E21E /* FilterListModel.swift */ = {isa = PBXFileReference; lastKnownFileType = sourcecode.swift; path = FilterListModel.swift; sourceTree = "<group>"; };
		0502B4912937682F0091E21E /* FilterListCellView.swift */ = {isa = PBXFileReference; lastKnownFileType = sourcecode.swift; path = FilterListCellView.swift; sourceTree = "<group>"; };
		051778EF292B5F26008EE768 /* TransactionDecodableModel.swift */ = {isa = PBXFileReference; lastKnownFileType = sourcecode.swift; path = TransactionDecodableModel.swift; sourceTree = "<group>"; };
		051778FB292BA05B008EE768 /* EndPoint.swift */ = {isa = PBXFileReference; lastKnownFileType = sourcecode.swift; path = EndPoint.swift; sourceTree = "<group>"; };
		052B5CD9292CF65F00ED8EBD /* NetworkService.swift */ = {isa = PBXFileReference; lastKnownFileType = sourcecode.swift; path = NetworkService.swift; sourceTree = "<group>"; };
		053563DA295C35BF00B1B998 /* TransactionListItemModel.swift */ = {isa = PBXFileReference; lastKnownFileType = sourcecode.swift; path = TransactionListItemModel.swift; sourceTree = "<group>"; };
		054A0E762952FFB600524971 /* TransactionListRepository.swift */ = {isa = PBXFileReference; lastKnownFileType = sourcecode.swift; path = TransactionListRepository.swift; sourceTree = "<group>"; };
		055C32E9293C60D4001FFB36 /* TransactionDetailModel.swift */ = {isa = PBXFileReference; lastKnownFileType = sourcecode.swift; path = TransactionDetailModel.swift; sourceTree = "<group>"; };
		055C32EB293CAB2F001FFB36 /* TransactionDetailViewModel.swift */ = {isa = PBXFileReference; lastKnownFileType = sourcecode.swift; path = TransactionDetailViewModel.swift; sourceTree = "<group>"; };
		055C32ED293CABC1001FFB36 /* TransactionDetailViewController.swift */ = {isa = PBXFileReference; lastKnownFileType = sourcecode.swift; path = TransactionDetailViewController.swift; sourceTree = "<group>"; };
		056E8E4629332C1700A4BF14 /* String+DateExtension .swift */ = {isa = PBXFileReference; lastKnownFileType = sourcecode.swift; path = "String+DateExtension .swift"; sourceTree = "<group>"; };
		056E8E5329339DD200A4BF14 /* TotalAmoutView.swift */ = {isa = PBXFileReference; lastKnownFileType = sourcecode.swift; path = TotalAmoutView.swift; sourceTree = "<group>"; };
		058905D3292E0122006308DD /* NetworkMonitor.swift */ = {isa = PBXFileReference; lastKnownFileType = sourcecode.swift; path = NetworkMonitor.swift; sourceTree = "<group>"; };
		058905D9292E23E6006308DD /* TransactionListViewModel.swift */ = {isa = PBXFileReference; lastKnownFileType = sourcecode.swift; path = TransactionListViewModel.swift; sourceTree = "<group>"; };
		058905DB292E23F7006308DD /* TransactionListViewController.swift */ = {isa = PBXFileReference; lastKnownFileType = sourcecode.swift; path = TransactionListViewController.swift; sourceTree = "<group>"; };
		058905DF292E25BD006308DD /* TransactionListCellView.swift */ = {isa = PBXFileReference; lastKnownFileType = sourcecode.swift; path = TransactionListCellView.swift; sourceTree = "<group>"; };
		058905E1292E25E2006308DD /* TransactionBusinessModel.swift */ = {isa = PBXFileReference; lastKnownFileType = sourcecode.swift; path = TransactionBusinessModel.swift; sourceTree = "<group>"; };
		05AC655E2920E51F0042CB5B /* WorldOfPAYBACK.app */ = {isa = PBXFileReference; explicitFileType = wrapper.application; includeInIndex = 0; path = WorldOfPAYBACK.app; sourceTree = BUILT_PRODUCTS_DIR; };
		05AC65612920E51F0042CB5B /* AppDelegate.swift */ = {isa = PBXFileReference; lastKnownFileType = sourcecode.swift; path = AppDelegate.swift; sourceTree = "<group>"; };
		05AC656A2920E5200042CB5B /* Assets.xcassets */ = {isa = PBXFileReference; lastKnownFileType = folder.assetcatalog; path = Assets.xcassets; sourceTree = "<group>"; };
		05AC656D2920E5200042CB5B /* Base */ = {isa = PBXFileReference; lastKnownFileType = file.storyboard; name = Base; path = Base.lproj/LaunchScreen.storyboard; sourceTree = "<group>"; };
		05AC656F2920E5200042CB5B /* Info.plist */ = {isa = PBXFileReference; lastKnownFileType = text.plist.xml; path = Info.plist; sourceTree = "<group>"; };
		05AC65742920E5200042CB5B /* WorldOfPAYBACKTests.xctest */ = {isa = PBXFileReference; explicitFileType = wrapper.cfbundle; includeInIndex = 0; path = WorldOfPAYBACKTests.xctest; sourceTree = BUILT_PRODUCTS_DIR; };
		05AC65782920E5200042CB5B /* WorldOfPAYBACKTests.swift */ = {isa = PBXFileReference; lastKnownFileType = sourcecode.swift; path = WorldOfPAYBACKTests.swift; sourceTree = "<group>"; };
		05AC657E2920E5200042CB5B /* WorldOfPAYBACKUITests.xctest */ = {isa = PBXFileReference; explicitFileType = wrapper.cfbundle; includeInIndex = 0; path = WorldOfPAYBACKUITests.xctest; sourceTree = BUILT_PRODUCTS_DIR; };
		05AC65822920E5200042CB5B /* WorldOfPAYBACKUITests.swift */ = {isa = PBXFileReference; lastKnownFileType = sourcecode.swift; path = WorldOfPAYBACKUITests.swift; sourceTree = "<group>"; };
		05AC65842920E5200042CB5B /* WorldOfPAYBACKUITestsLaunchTests.swift */ = {isa = PBXFileReference; lastKnownFileType = sourcecode.swift; path = WorldOfPAYBACKUITestsLaunchTests.swift; sourceTree = "<group>"; };
		05C91A00292B463600D14A0F /* PBTransactions.json */ = {isa = PBXFileReference; fileEncoding = 4; lastKnownFileType = text.json; path = PBTransactions.json; sourceTree = "<group>"; };
		05F7971F2958251B00F617EF /* TransactionEndPoint.swift */ = {isa = PBXFileReference; lastKnownFileType = sourcecode.swift; path = TransactionEndPoint.swift; sourceTree = "<group>"; };
		05F7972829587D1F00F617EF /* TransactionRemoteDataSource.swift */ = {isa = PBXFileReference; lastKnownFileType = sourcecode.swift; path = TransactionRemoteDataSource.swift; sourceTree = "<group>"; };
		05F7972A2958850A00F617EF /* TransactionLocalDataSource.swift */ = {isa = PBXFileReference; lastKnownFileType = sourcecode.swift; path = TransactionLocalDataSource.swift; sourceTree = "<group>"; };
		E89BA19629281DD50054656C /* AppCoordinator.swift */ = {isa = PBXFileReference; lastKnownFileType = sourcecode.swift; path = AppCoordinator.swift; sourceTree = "<group>"; };
/* End PBXFileReference section */

/* Begin PBXFrameworksBuildPhase section */
		05AC655B2920E51F0042CB5B /* Frameworks */ = {
			isa = PBXFrameworksBuildPhase;
			buildActionMask = 2147483647;
			files = (
				051778FA292B8B47008EE768 /* RxSwift in Frameworks */,
				051778F8292B8B47008EE768 /* RxCocoa in Frameworks */,
			);
			runOnlyForDeploymentPostprocessing = 0;
		};
		05AC65712920E5200042CB5B /* Frameworks */ = {
			isa = PBXFrameworksBuildPhase;
			buildActionMask = 2147483647;
			files = (
			);
			runOnlyForDeploymentPostprocessing = 0;
		};
		05AC657B2920E5200042CB5B /* Frameworks */ = {
			isa = PBXFrameworksBuildPhase;
			buildActionMask = 2147483647;
			files = (
			);
			runOnlyForDeploymentPostprocessing = 0;
		};
/* End PBXFrameworksBuildPhase section */

/* Begin PBXGroup section */
		0502B487293764E10091E21E /* FilterList */ = {
			isa = PBXGroup;
			children = (
				0502B488293764F60091E21E /* View */,
				0502B489293764FF0091E21E /* ViewModel */,
				0502B48E293765DB0091E21E /* Model */,
			);
			path = FilterList;
			sourceTree = "<group>";
		};
		0502B488293764F60091E21E /* View */ = {
			isa = PBXGroup;
			children = (
				0502B48A293765AB0091E21E /* FilterListViewController.swift */,
				0502B4912937682F0091E21E /* FilterListCellView.swift */,
			);
			path = View;
			sourceTree = "<group>";
		};
		0502B489293764FF0091E21E /* ViewModel */ = {
			isa = PBXGroup;
			children = (
				0502B48C293765BA0091E21E /* FilterListViewModel.swift */,
			);
			path = ViewModel;
			sourceTree = "<group>";
		};
		0502B48E293765DB0091E21E /* Model */ = {
			isa = PBXGroup;
			children = (
				0502B48F2937660C0091E21E /* FilterListModel.swift */,
			);
			path = Model;
			sourceTree = "<group>";
		};
		051778F1292B5FA4008EE768 /* Network */ = {
			isa = PBXGroup;
			children = (
				052B5CD9292CF65F00ED8EBD /* NetworkService.swift */,
				051778FB292BA05B008EE768 /* EndPoint.swift */,
				058905D3292E0122006308DD /* NetworkMonitor.swift */,
			);
			path = Network;
			sourceTree = "<group>";
		};
		053563D9295C339B00B1B998 /* DataClass */ = {
			isa = PBXGroup;
			children = (
				058905E1292E25E2006308DD /* TransactionBusinessModel.swift */,
				051778EF292B5F26008EE768 /* TransactionDecodableModel.swift */,
			);
			path = DataClass;
			sourceTree = "<group>";
		};
		054A0E752952FF5400524971 /* Repository */ = {
			isa = PBXGroup;
			children = (
				054A0E762952FFB600524971 /* TransactionListRepository.swift */,
				05F7971F2958251B00F617EF /* TransactionEndPoint.swift */,
			);
			path = Repository;
			sourceTree = "<group>";
		};
		055C32E6293C60B2001FFB36 /* Model */ = {
			isa = PBXGroup;
			children = (
				055C32E9293C60D4001FFB36 /* TransactionDetailModel.swift */,
			);
			path = Model;
			sourceTree = "<group>";
		};
		055C32E7293C60BA001FFB36 /* ViewModel */ = {
			isa = PBXGroup;
			children = (
				055C32EB293CAB2F001FFB36 /* TransactionDetailViewModel.swift */,
			);
			path = ViewModel;
			sourceTree = "<group>";
		};
		055C32E8293C60C1001FFB36 /* View */ = {
			isa = PBXGroup;
			children = (
				055C32ED293CABC1001FFB36 /* TransactionDetailViewController.swift */,
			);
			path = View;
			sourceTree = "<group>";
		};
		056E8E4529332BD600A4BF14 /* Extensions */ = {
			isa = PBXGroup;
			children = (
				056E8E4629332C1700A4BF14 /* String+DateExtension .swift */,
			);
			path = Extensions;
			sourceTree = "<group>";
		};
		058905D6292E1560006308DD /* Modules */ = {
			isa = PBXGroup;
			children = (
				0502B487293764E10091E21E /* FilterList */,
				058905D7292E156E006308DD /* TransactionList */,
				058905D8292E231E006308DD /* TransactionDetail */,
			);
			path = Modules;
			sourceTree = "<group>";
		};
		058905D7292E156E006308DD /* TransactionList */ = {
			isa = PBXGroup;
			children = (
				058905DE292E257F006308DD /* View */,
				058905DD292E24A9006308DD /* ViewModel */,
				058905E3292E598E006308DD /* Model */,
			);
			path = TransactionList;
			sourceTree = "<group>";
		};
		058905D8292E231E006308DD /* TransactionDetail */ = {
			isa = PBXGroup;
			children = (
				055C32E8293C60C1001FFB36 /* View */,
				055C32E7293C60BA001FFB36 /* ViewModel */,
				055C32E6293C60B2001FFB36 /* Model */,
			);
			path = TransactionDetail;
			sourceTree = "<group>";
		};
		058905DD292E24A9006308DD /* ViewModel */ = {
			isa = PBXGroup;
			children = (
				058905D9292E23E6006308DD /* TransactionListViewModel.swift */,
				053563DA295C35BF00B1B998 /* TransactionListItemModel.swift */,
			);
			path = ViewModel;
			sourceTree = "<group>";
		};
		058905DE292E257F006308DD /* View */ = {
			isa = PBXGroup;
			children = (
				058905DB292E23F7006308DD /* TransactionListViewController.swift */,
				058905DF292E25BD006308DD /* TransactionListCellView.swift */,
				056E8E5329339DD200A4BF14 /* TotalAmoutView.swift */,
			);
			path = View;
			sourceTree = "<group>";
		};
		058905E3292E598E006308DD /* Model */ = {
			isa = PBXGroup;
			children = (
				053563D9295C339B00B1B998 /* DataClass */,
				05F7972329587C8B00F617EF /* DataSource */,
				054A0E752952FF5400524971 /* Repository */,
			);
			path = Model;
			sourceTree = "<group>";
		};
		05AC65552920E51F0042CB5B = {
			isa = PBXGroup;
			children = (
				05AC65602920E51F0042CB5B /* WorldOfPAYBACK */,
				05AC65772920E5200042CB5B /* WorldOfPAYBACKTests */,
				05AC65812920E5200042CB5B /* WorldOfPAYBACKUITests */,
				05AC655F2920E51F0042CB5B /* Products */,
			);
			sourceTree = "<group>";
		};
		05AC655F2920E51F0042CB5B /* Products */ = {
			isa = PBXGroup;
			children = (
				05AC655E2920E51F0042CB5B /* WorldOfPAYBACK.app */,
				05AC65742920E5200042CB5B /* WorldOfPAYBACKTests.xctest */,
				05AC657E2920E5200042CB5B /* WorldOfPAYBACKUITests.xctest */,
			);
			name = Products;
			sourceTree = "<group>";
		};
		05AC65602920E51F0042CB5B /* WorldOfPAYBACK */ = {
			isa = PBXGroup;
			children = (
				058905D6292E1560006308DD /* Modules */,
				051778F1292B5FA4008EE768 /* Network */,
				05C91A02292B466400D14A0F /* Coordinator */,
				E89BA19529281DB10054656C /* Application */,
				056E8E4529332BD600A4BF14 /* Extensions */,
				05C919FF292B461800D14A0F /* Resources */,
			);
			path = WorldOfPAYBACK;
			sourceTree = "<group>";
		};
		05AC65772920E5200042CB5B /* WorldOfPAYBACKTests */ = {
			isa = PBXGroup;
			children = (
				05AC65782920E5200042CB5B /* WorldOfPAYBACKTests.swift */,
			);
			path = WorldOfPAYBACKTests;
			sourceTree = "<group>";
		};
		05AC65812920E5200042CB5B /* WorldOfPAYBACKUITests */ = {
			isa = PBXGroup;
			children = (
				05AC65822920E5200042CB5B /* WorldOfPAYBACKUITests.swift */,
				05AC65842920E5200042CB5B /* WorldOfPAYBACKUITestsLaunchTests.swift */,
			);
			path = WorldOfPAYBACKUITests;
			sourceTree = "<group>";
		};
		05C919FF292B461800D14A0F /* Resources */ = {
			isa = PBXGroup;
			children = (
				05C91A00292B463600D14A0F /* PBTransactions.json */,
				05AC656A2920E5200042CB5B /* Assets.xcassets */,
			);
			path = Resources;
			sourceTree = "<group>";
		};
		05C91A02292B466400D14A0F /* Coordinator */ = {
			isa = PBXGroup;
			children = (
				E89BA19629281DD50054656C /* AppCoordinator.swift */,
			);
			path = Coordinator;
			sourceTree = "<group>";
		};
		05F7972329587C8B00F617EF /* DataSource */ = {
			isa = PBXGroup;
			children = (
				05F7972829587D1F00F617EF /* TransactionRemoteDataSource.swift */,
				05F7972A2958850A00F617EF /* TransactionLocalDataSource.swift */,
			);
			path = DataSource;
			sourceTree = "<group>";
		};
		E89BA19529281DB10054656C /* Application */ = {
			isa = PBXGroup;
			children = (
				05AC65612920E51F0042CB5B /* AppDelegate.swift */,
				05AC656C2920E5200042CB5B /* LaunchScreen.storyboard */,
				05AC656F2920E5200042CB5B /* Info.plist */,
			);
			path = Application;
			sourceTree = "<group>";
		};
/* End PBXGroup section */

/* Begin PBXNativeTarget section */
		05AC655D2920E51F0042CB5B /* WorldOfPAYBACK */ = {
			isa = PBXNativeTarget;
			buildConfigurationList = 05AC65882920E5200042CB5B /* Build configuration list for PBXNativeTarget "WorldOfPAYBACK" */;
			buildPhases = (
				05AC655A2920E51F0042CB5B /* Sources */,
				05AC655B2920E51F0042CB5B /* Frameworks */,
				05AC655C2920E51F0042CB5B /* Resources */,
			);
			buildRules = (
			);
			dependencies = (
			);
			name = WorldOfPAYBACK;
			packageProductDependencies = (
				051778F7292B8B47008EE768 /* RxCocoa */,
				051778F9292B8B47008EE768 /* RxSwift */,
			);
			productName = WorldOfPAYBACK;
			productReference = 05AC655E2920E51F0042CB5B /* WorldOfPAYBACK.app */;
			productType = "com.apple.product-type.application";
		};
		05AC65732920E5200042CB5B /* WorldOfPAYBACKTests */ = {
			isa = PBXNativeTarget;
			buildConfigurationList = 05AC658B2920E5200042CB5B /* Build configuration list for PBXNativeTarget "WorldOfPAYBACKTests" */;
			buildPhases = (
				05AC65702920E5200042CB5B /* Sources */,
				05AC65712920E5200042CB5B /* Frameworks */,
				05AC65722920E5200042CB5B /* Resources */,
			);
			buildRules = (
			);
			dependencies = (
				05AC65762920E5200042CB5B /* PBXTargetDependency */,
			);
			name = WorldOfPAYBACKTests;
			productName = WorldOfPAYBACKTests;
			productReference = 05AC65742920E5200042CB5B /* WorldOfPAYBACKTests.xctest */;
			productType = "com.apple.product-type.bundle.unit-test";
		};
		05AC657D2920E5200042CB5B /* WorldOfPAYBACKUITests */ = {
			isa = PBXNativeTarget;
			buildConfigurationList = 05AC658E2920E5200042CB5B /* Build configuration list for PBXNativeTarget "WorldOfPAYBACKUITests" */;
			buildPhases = (
				05AC657A2920E5200042CB5B /* Sources */,
				05AC657B2920E5200042CB5B /* Frameworks */,
				05AC657C2920E5200042CB5B /* Resources */,
			);
			buildRules = (
			);
			dependencies = (
				05AC65802920E5200042CB5B /* PBXTargetDependency */,
			);
			name = WorldOfPAYBACKUITests;
			productName = WorldOfPAYBACKUITests;
			productReference = 05AC657E2920E5200042CB5B /* WorldOfPAYBACKUITests.xctest */;
			productType = "com.apple.product-type.bundle.ui-testing";
		};
/* End PBXNativeTarget section */

/* Begin PBXProject section */
		05AC65562920E51F0042CB5B /* Project object */ = {
			isa = PBXProject;
			attributes = {
				BuildIndependentTargetsInParallel = 1;
				LastSwiftUpdateCheck = 1400;
				LastUpgradeCheck = 1400;
				TargetAttributes = {
					05AC655D2920E51F0042CB5B = {
						CreatedOnToolsVersion = 14.0;
					};
					05AC65732920E5200042CB5B = {
						CreatedOnToolsVersion = 14.0;
						TestTargetID = 05AC655D2920E51F0042CB5B;
					};
					05AC657D2920E5200042CB5B = {
						CreatedOnToolsVersion = 14.0;
						TestTargetID = 05AC655D2920E51F0042CB5B;
					};
				};
			};
			buildConfigurationList = 05AC65592920E51F0042CB5B /* Build configuration list for PBXProject "WorldOfPAYBACK" */;
			compatibilityVersion = "Xcode 14.0";
			developmentRegion = en;
			hasScannedForEncodings = 0;
			knownRegions = (
				en,
				Base,
			);
			mainGroup = 05AC65552920E51F0042CB5B;
			packageReferences = (
				051778F6292B8B47008EE768 /* XCRemoteSwiftPackageReference "RxSwift" */,
			);
			productRefGroup = 05AC655F2920E51F0042CB5B /* Products */;
			projectDirPath = "";
			projectRoot = "";
			targets = (
				05AC655D2920E51F0042CB5B /* WorldOfPAYBACK */,
				05AC65732920E5200042CB5B /* WorldOfPAYBACKTests */,
				05AC657D2920E5200042CB5B /* WorldOfPAYBACKUITests */,
			);
		};
/* End PBXProject section */

/* Begin PBXResourcesBuildPhase section */
		05AC655C2920E51F0042CB5B /* Resources */ = {
			isa = PBXResourcesBuildPhase;
			buildActionMask = 2147483647;
			files = (
				05AC656E2920E5200042CB5B /* LaunchScreen.storyboard in Resources */,
				05C91A01292B463600D14A0F /* PBTransactions.json in Resources */,
				05AC656B2920E5200042CB5B /* Assets.xcassets in Resources */,
			);
			runOnlyForDeploymentPostprocessing = 0;
		};
		05AC65722920E5200042CB5B /* Resources */ = {
			isa = PBXResourcesBuildPhase;
			buildActionMask = 2147483647;
			files = (
			);
			runOnlyForDeploymentPostprocessing = 0;
		};
		05AC657C2920E5200042CB5B /* Resources */ = {
			isa = PBXResourcesBuildPhase;
			buildActionMask = 2147483647;
			files = (
			);
			runOnlyForDeploymentPostprocessing = 0;
		};
/* End PBXResourcesBuildPhase section */

/* Begin PBXSourcesBuildPhase section */
		05AC655A2920E51F0042CB5B /* Sources */ = {
			isa = PBXSourcesBuildPhase;
			buildActionMask = 2147483647;
			files = (
				0502B4902937660C0091E21E /* FilterListModel.swift in Sources */,
				056E8E5429339DD200A4BF14 /* TotalAmoutView.swift in Sources */,
				051778F0292B5F26008EE768 /* TransactionDecodableModel.swift in Sources */,
				053563DB295C35BF00B1B998 /* TransactionListItemModel.swift in Sources */,
				05F797202958251B00F617EF /* TransactionEndPoint.swift in Sources */,
				0502B48D293765BA0091E21E /* FilterListViewModel.swift in Sources */,
				056E8E4729332C1700A4BF14 /* String+DateExtension .swift in Sources */,
				0502B48B293765AB0091E21E /* FilterListViewController.swift in Sources */,
				05F7972929587D1F00F617EF /* TransactionRemoteDataSource.swift in Sources */,
				058905DC292E23F7006308DD /* TransactionListViewController.swift in Sources */,
				E89BA19729281DD50054656C /* AppCoordinator.swift in Sources */,
				0502B4922937682F0091E21E /* FilterListCellView.swift in Sources */,
				052B5CDA292CF65F00ED8EBD /* NetworkService.swift in Sources */,
				058905DA292E23E6006308DD /* TransactionListViewModel.swift in Sources */,
				055C32EC293CAB2F001FFB36 /* TransactionDetailViewModel.swift in Sources */,
				051778FC292BA05B008EE768 /* EndPoint.swift in Sources */,
				05F7972B2958850A00F617EF /* TransactionLocalDataSource.swift in Sources */,
				05AC65622920E51F0042CB5B /* AppDelegate.swift in Sources */,
				058905D4292E0122006308DD /* NetworkMonitor.swift in Sources */,
				058905E0292E25BD006308DD /* TransactionListCellView.swift in Sources */,
				055C32EA293C60D4001FFB36 /* TransactionDetailModel.swift in Sources */,
				055C32EE293CABC1001FFB36 /* TransactionDetailViewController.swift in Sources */,
				054A0E772952FFB600524971 /* TransactionListRepository.swift in Sources */,
				058905E2292E25E2006308DD /* TransactionBusinessModel.swift in Sources */,
			);
			runOnlyForDeploymentPostprocessing = 0;
		};
		05AC65702920E5200042CB5B /* Sources */ = {
			isa = PBXSourcesBuildPhase;
			buildActionMask = 2147483647;
			files = (
				05AC65792920E5200042CB5B /* WorldOfPAYBACKTests.swift in Sources */,
			);
			runOnlyForDeploymentPostprocessing = 0;
		};
		05AC657A2920E5200042CB5B /* Sources */ = {
			isa = PBXSourcesBuildPhase;
			buildActionMask = 2147483647;
			files = (
				05AC65852920E5200042CB5B /* WorldOfPAYBACKUITestsLaunchTests.swift in Sources */,
				05AC65832920E5200042CB5B /* WorldOfPAYBACKUITests.swift in Sources */,
			);
			runOnlyForDeploymentPostprocessing = 0;
		};
/* End PBXSourcesBuildPhase section */

/* Begin PBXTargetDependency section */
		05AC65762920E5200042CB5B /* PBXTargetDependency */ = {
			isa = PBXTargetDependency;
			target = 05AC655D2920E51F0042CB5B /* WorldOfPAYBACK */;
			targetProxy = 05AC65752920E5200042CB5B /* PBXContainerItemProxy */;
		};
		05AC65802920E5200042CB5B /* PBXTargetDependency */ = {
			isa = PBXTargetDependency;
			target = 05AC655D2920E51F0042CB5B /* WorldOfPAYBACK */;
			targetProxy = 05AC657F2920E5200042CB5B /* PBXContainerItemProxy */;
		};
/* End PBXTargetDependency section */

/* Begin PBXVariantGroup section */
		05AC656C2920E5200042CB5B /* LaunchScreen.storyboard */ = {
			isa = PBXVariantGroup;
			children = (
				05AC656D2920E5200042CB5B /* Base */,
			);
			name = LaunchScreen.storyboard;
			sourceTree = "<group>";
		};
/* End PBXVariantGroup section */

/* Begin XCBuildConfiguration section */
		05AC65862920E5200042CB5B /* Debug */ = {
			isa = XCBuildConfiguration;
			buildSettings = {
				ALWAYS_SEARCH_USER_PATHS = NO;
				CLANG_ANALYZER_NONNULL = YES;
				CLANG_ANALYZER_NUMBER_OBJECT_CONVERSION = YES_AGGRESSIVE;
				CLANG_CXX_LANGUAGE_STANDARD = "gnu++20";
				CLANG_ENABLE_MODULES = YES;
				CLANG_ENABLE_OBJC_ARC = YES;
				CLANG_ENABLE_OBJC_WEAK = YES;
				CLANG_WARN_BLOCK_CAPTURE_AUTORELEASING = YES;
				CLANG_WARN_BOOL_CONVERSION = YES;
				CLANG_WARN_COMMA = YES;
				CLANG_WARN_CONSTANT_CONVERSION = YES;
				CLANG_WARN_DEPRECATED_OBJC_IMPLEMENTATIONS = YES;
				CLANG_WARN_DIRECT_OBJC_ISA_USAGE = YES_ERROR;
				CLANG_WARN_DOCUMENTATION_COMMENTS = YES;
				CLANG_WARN_EMPTY_BODY = YES;
				CLANG_WARN_ENUM_CONVERSION = YES;
				CLANG_WARN_INFINITE_RECURSION = YES;
				CLANG_WARN_INT_CONVERSION = YES;
				CLANG_WARN_NON_LITERAL_NULL_CONVERSION = YES;
				CLANG_WARN_OBJC_IMPLICIT_RETAIN_SELF = YES;
				CLANG_WARN_OBJC_LITERAL_CONVERSION = YES;
				CLANG_WARN_OBJC_ROOT_CLASS = YES_ERROR;
				CLANG_WARN_QUOTED_INCLUDE_IN_FRAMEWORK_HEADER = YES;
				CLANG_WARN_RANGE_LOOP_ANALYSIS = YES;
				CLANG_WARN_STRICT_PROTOTYPES = YES;
				CLANG_WARN_SUSPICIOUS_MOVE = YES;
				CLANG_WARN_UNGUARDED_AVAILABILITY = YES_AGGRESSIVE;
				CLANG_WARN_UNREACHABLE_CODE = YES;
				CLANG_WARN__DUPLICATE_METHOD_MATCH = YES;
				COPY_PHASE_STRIP = NO;
				DEBUG_INFORMATION_FORMAT = dwarf;
				ENABLE_STRICT_OBJC_MSGSEND = YES;
				ENABLE_TESTABILITY = YES;
				GCC_C_LANGUAGE_STANDARD = gnu11;
				GCC_DYNAMIC_NO_PIC = NO;
				GCC_NO_COMMON_BLOCKS = YES;
				GCC_OPTIMIZATION_LEVEL = 0;
				GCC_PREPROCESSOR_DEFINITIONS = (
					"DEBUG=1",
					"$(inherited)",
				);
				GCC_WARN_64_TO_32_BIT_CONVERSION = YES;
				GCC_WARN_ABOUT_RETURN_TYPE = YES_ERROR;
				GCC_WARN_UNDECLARED_SELECTOR = YES;
				GCC_WARN_UNINITIALIZED_AUTOS = YES_AGGRESSIVE;
				GCC_WARN_UNUSED_FUNCTION = YES;
				GCC_WARN_UNUSED_VARIABLE = YES;
				IPHONEOS_DEPLOYMENT_TARGET = 16.0;
				MTL_ENABLE_DEBUG_INFO = INCLUDE_SOURCE;
				MTL_FAST_MATH = YES;
				ONLY_ACTIVE_ARCH = YES;
				SDKROOT = iphoneos;
				SWIFT_ACTIVE_COMPILATION_CONDITIONS = DEBUG;
				SWIFT_OPTIMIZATION_LEVEL = "-Onone";
			};
			name = Debug;
		};
		05AC65872920E5200042CB5B /* Release */ = {
			isa = XCBuildConfiguration;
			buildSettings = {
				ALWAYS_SEARCH_USER_PATHS = NO;
				CLANG_ANALYZER_NONNULL = YES;
				CLANG_ANALYZER_NUMBER_OBJECT_CONVERSION = YES_AGGRESSIVE;
				CLANG_CXX_LANGUAGE_STANDARD = "gnu++20";
				CLANG_ENABLE_MODULES = YES;
				CLANG_ENABLE_OBJC_ARC = YES;
				CLANG_ENABLE_OBJC_WEAK = YES;
				CLANG_WARN_BLOCK_CAPTURE_AUTORELEASING = YES;
				CLANG_WARN_BOOL_CONVERSION = YES;
				CLANG_WARN_COMMA = YES;
				CLANG_WARN_CONSTANT_CONVERSION = YES;
				CLANG_WARN_DEPRECATED_OBJC_IMPLEMENTATIONS = YES;
				CLANG_WARN_DIRECT_OBJC_ISA_USAGE = YES_ERROR;
				CLANG_WARN_DOCUMENTATION_COMMENTS = YES;
				CLANG_WARN_EMPTY_BODY = YES;
				CLANG_WARN_ENUM_CONVERSION = YES;
				CLANG_WARN_INFINITE_RECURSION = YES;
				CLANG_WARN_INT_CONVERSION = YES;
				CLANG_WARN_NON_LITERAL_NULL_CONVERSION = YES;
				CLANG_WARN_OBJC_IMPLICIT_RETAIN_SELF = YES;
				CLANG_WARN_OBJC_LITERAL_CONVERSION = YES;
				CLANG_WARN_OBJC_ROOT_CLASS = YES_ERROR;
				CLANG_WARN_QUOTED_INCLUDE_IN_FRAMEWORK_HEADER = YES;
				CLANG_WARN_RANGE_LOOP_ANALYSIS = YES;
				CLANG_WARN_STRICT_PROTOTYPES = YES;
				CLANG_WARN_SUSPICIOUS_MOVE = YES;
				CLANG_WARN_UNGUARDED_AVAILABILITY = YES_AGGRESSIVE;
				CLANG_WARN_UNREACHABLE_CODE = YES;
				CLANG_WARN__DUPLICATE_METHOD_MATCH = YES;
				COPY_PHASE_STRIP = NO;
				DEBUG_INFORMATION_FORMAT = "dwarf-with-dsym";
				ENABLE_NS_ASSERTIONS = NO;
				ENABLE_STRICT_OBJC_MSGSEND = YES;
				GCC_C_LANGUAGE_STANDARD = gnu11;
				GCC_NO_COMMON_BLOCKS = YES;
				GCC_WARN_64_TO_32_BIT_CONVERSION = YES;
				GCC_WARN_ABOUT_RETURN_TYPE = YES_ERROR;
				GCC_WARN_UNDECLARED_SELECTOR = YES;
				GCC_WARN_UNINITIALIZED_AUTOS = YES_AGGRESSIVE;
				GCC_WARN_UNUSED_FUNCTION = YES;
				GCC_WARN_UNUSED_VARIABLE = YES;
				IPHONEOS_DEPLOYMENT_TARGET = 16.0;
				MTL_ENABLE_DEBUG_INFO = NO;
				MTL_FAST_MATH = YES;
				SDKROOT = iphoneos;
				SWIFT_COMPILATION_MODE = wholemodule;
				SWIFT_OPTIMIZATION_LEVEL = "-O";
				VALIDATE_PRODUCT = YES;
			};
			name = Release;
		};
		05AC65892920E5200042CB5B /* Debug */ = {
			isa = XCBuildConfiguration;
			buildSettings = {
				ASSETCATALOG_COMPILER_APPICON_NAME = AppIcon;
				ASSETCATALOG_COMPILER_GLOBAL_ACCENT_COLOR_NAME = AccentColor;
				CODE_SIGN_STYLE = Automatic;
				CURRENT_PROJECT_VERSION = 1;
				DEVELOPMENT_TEAM = 2RJFX5PSNK;
				GENERATE_INFOPLIST_FILE = YES;
				INFOPLIST_FILE = WorldOfPAYBACK/Application/Info.plist;
				INFOPLIST_KEY_UIApplicationSupportsIndirectInputEvents = YES;
				INFOPLIST_KEY_UILaunchStoryboardName = LaunchScreen;
				INFOPLIST_KEY_UISupportedInterfaceOrientations_iPad = "UIInterfaceOrientationPortrait UIInterfaceOrientationPortraitUpsideDown UIInterfaceOrientationLandscapeLeft UIInterfaceOrientationLandscapeRight";
				INFOPLIST_KEY_UISupportedInterfaceOrientations_iPhone = "UIInterfaceOrientationPortrait UIInterfaceOrientationLandscapeLeft UIInterfaceOrientationLandscapeRight";
				LD_RUNPATH_SEARCH_PATHS = (
					"$(inherited)",
					"@executable_path/Frameworks",
				);
				MARKETING_VERSION = 1.0;
				PRODUCT_BUNDLE_IDENTIFIER = com.hamed.WorldOfPAYBACK;
				PRODUCT_NAME = "$(TARGET_NAME)";
				SWIFT_EMIT_LOC_STRINGS = YES;
				SWIFT_VERSION = 5.0;
				TARGETED_DEVICE_FAMILY = "1,2";
			};
			name = Debug;
		};
		05AC658A2920E5200042CB5B /* Release */ = {
			isa = XCBuildConfiguration;
			buildSettings = {
				ASSETCATALOG_COMPILER_APPICON_NAME = AppIcon;
				ASSETCATALOG_COMPILER_GLOBAL_ACCENT_COLOR_NAME = AccentColor;
				CODE_SIGN_STYLE = Automatic;
				CURRENT_PROJECT_VERSION = 1;
				DEVELOPMENT_TEAM = 2RJFX5PSNK;
				GENERATE_INFOPLIST_FILE = YES;
				INFOPLIST_FILE = WorldOfPAYBACK/Application/Info.plist;
				INFOPLIST_KEY_UIApplicationSupportsIndirectInputEvents = YES;
				INFOPLIST_KEY_UILaunchStoryboardName = LaunchScreen;
				INFOPLIST_KEY_UISupportedInterfaceOrientations_iPad = "UIInterfaceOrientationPortrait UIInterfaceOrientationPortraitUpsideDown UIInterfaceOrientationLandscapeLeft UIInterfaceOrientationLandscapeRight";
				INFOPLIST_KEY_UISupportedInterfaceOrientations_iPhone = "UIInterfaceOrientationPortrait UIInterfaceOrientationLandscapeLeft UIInterfaceOrientationLandscapeRight";
				LD_RUNPATH_SEARCH_PATHS = (
					"$(inherited)",
					"@executable_path/Frameworks",
				);
				MARKETING_VERSION = 1.0;
				PRODUCT_BUNDLE_IDENTIFIER = com.hamed.WorldOfPAYBACK;
				PRODUCT_NAME = "$(TARGET_NAME)";
				SWIFT_EMIT_LOC_STRINGS = YES;
				SWIFT_VERSION = 5.0;
				TARGETED_DEVICE_FAMILY = "1,2";
			};
			name = Release;
		};
		05AC658C2920E5200042CB5B /* Debug */ = {
			isa = XCBuildConfiguration;
			buildSettings = {
				ALWAYS_EMBED_SWIFT_STANDARD_LIBRARIES = YES;
				BUNDLE_LOADER = "$(TEST_HOST)";
				CODE_SIGN_STYLE = Automatic;
				CURRENT_PROJECT_VERSION = 1;
				DEVELOPMENT_TEAM = 2RJFX5PSNK;
				GENERATE_INFOPLIST_FILE = YES;
				IPHONEOS_DEPLOYMENT_TARGET = 16.0;
				MARKETING_VERSION = 1.0;
				PRODUCT_BUNDLE_IDENTIFIER = com.hamed.WorldOfPAYBACKTests;
				PRODUCT_NAME = "$(TARGET_NAME)";
				SWIFT_EMIT_LOC_STRINGS = NO;
				SWIFT_VERSION = 5.0;
				TARGETED_DEVICE_FAMILY = "1,2";
				TEST_HOST = "$(BUILT_PRODUCTS_DIR)/WorldOfPAYBACK.app/$(BUNDLE_EXECUTABLE_FOLDER_PATH)/WorldOfPAYBACK";
			};
			name = Debug;
		};
		05AC658D2920E5200042CB5B /* Release */ = {
			isa = XCBuildConfiguration;
			buildSettings = {
				ALWAYS_EMBED_SWIFT_STANDARD_LIBRARIES = YES;
				BUNDLE_LOADER = "$(TEST_HOST)";
				CODE_SIGN_STYLE = Automatic;
				CURRENT_PROJECT_VERSION = 1;
				DEVELOPMENT_TEAM = 2RJFX5PSNK;
				GENERATE_INFOPLIST_FILE = YES;
				IPHONEOS_DEPLOYMENT_TARGET = 16.0;
				MARKETING_VERSION = 1.0;
				PRODUCT_BUNDLE_IDENTIFIER = com.hamed.WorldOfPAYBACKTests;
				PRODUCT_NAME = "$(TARGET_NAME)";
				SWIFT_EMIT_LOC_STRINGS = NO;
				SWIFT_VERSION = 5.0;
				TARGETED_DEVICE_FAMILY = "1,2";
				TEST_HOST = "$(BUILT_PRODUCTS_DIR)/WorldOfPAYBACK.app/$(BUNDLE_EXECUTABLE_FOLDER_PATH)/WorldOfPAYBACK";
			};
			name = Release;
		};
		05AC658F2920E5200042CB5B /* Debug */ = {
			isa = XCBuildConfiguration;
			buildSettings = {
				ALWAYS_EMBED_SWIFT_STANDARD_LIBRARIES = YES;
				CODE_SIGN_STYLE = Automatic;
				CURRENT_PROJECT_VERSION = 1;
				DEVELOPMENT_TEAM = 2RJFX5PSNK;
				GENERATE_INFOPLIST_FILE = YES;
				MARKETING_VERSION = 1.0;
				PRODUCT_BUNDLE_IDENTIFIER = com.hamed.WorldOfPAYBACKUITests;
				PRODUCT_NAME = "$(TARGET_NAME)";
				SWIFT_EMIT_LOC_STRINGS = NO;
				SWIFT_VERSION = 5.0;
				TARGETED_DEVICE_FAMILY = "1,2";
				TEST_TARGET_NAME = WorldOfPAYBACK;
			};
			name = Debug;
		};
		05AC65902920E5200042CB5B /* Release */ = {
			isa = XCBuildConfiguration;
			buildSettings = {
				ALWAYS_EMBED_SWIFT_STANDARD_LIBRARIES = YES;
				CODE_SIGN_STYLE = Automatic;
				CURRENT_PROJECT_VERSION = 1;
				DEVELOPMENT_TEAM = 2RJFX5PSNK;
				GENERATE_INFOPLIST_FILE = YES;
				MARKETING_VERSION = 1.0;
				PRODUCT_BUNDLE_IDENTIFIER = com.hamed.WorldOfPAYBACKUITests;
				PRODUCT_NAME = "$(TARGET_NAME)";
				SWIFT_EMIT_LOC_STRINGS = NO;
				SWIFT_VERSION = 5.0;
				TARGETED_DEVICE_FAMILY = "1,2";
				TEST_TARGET_NAME = WorldOfPAYBACK;
			};
			name = Release;
		};
/* End XCBuildConfiguration section */

/* Begin XCConfigurationList section */
		05AC65592920E51F0042CB5B /* Build configuration list for PBXProject "WorldOfPAYBACK" */ = {
			isa = XCConfigurationList;
			buildConfigurations = (
				05AC65862920E5200042CB5B /* Debug */,
				05AC65872920E5200042CB5B /* Release */,
			);
			defaultConfigurationIsVisible = 0;
			defaultConfigurationName = Release;
		};
		05AC65882920E5200042CB5B /* Build configuration list for PBXNativeTarget "WorldOfPAYBACK" */ = {
			isa = XCConfigurationList;
			buildConfigurations = (
				05AC65892920E5200042CB5B /* Debug */,
				05AC658A2920E5200042CB5B /* Release */,
			);
			defaultConfigurationIsVisible = 0;
			defaultConfigurationName = Release;
		};
		05AC658B2920E5200042CB5B /* Build configuration list for PBXNativeTarget "WorldOfPAYBACKTests" */ = {
			isa = XCConfigurationList;
			buildConfigurations = (
				05AC658C2920E5200042CB5B /* Debug */,
				05AC658D2920E5200042CB5B /* Release */,
			);
			defaultConfigurationIsVisible = 0;
			defaultConfigurationName = Release;
		};
		05AC658E2920E5200042CB5B /* Build configuration list for PBXNativeTarget "WorldOfPAYBACKUITests" */ = {
			isa = XCConfigurationList;
			buildConfigurations = (
				05AC658F2920E5200042CB5B /* Debug */,
				05AC65902920E5200042CB5B /* Release */,
			);
			defaultConfigurationIsVisible = 0;
			defaultConfigurationName = Release;
		};
/* End XCConfigurationList section */

/* Begin XCRemoteSwiftPackageReference section */
		051778F6292B8B47008EE768 /* XCRemoteSwiftPackageReference "RxSwift" */ = {
			isa = XCRemoteSwiftPackageReference;
			repositoryURL = "https://github.com/ReactiveX/RxSwift.git";
			requirement = {
				kind = upToNextMajorVersion;
				minimumVersion = 6.0.0;
			};
		};
/* End XCRemoteSwiftPackageReference section */

/* Begin XCSwiftPackageProductDependency section */
		051778F7292B8B47008EE768 /* RxCocoa */ = {
			isa = XCSwiftPackageProductDependency;
			package = 051778F6292B8B47008EE768 /* XCRemoteSwiftPackageReference "RxSwift" */;
			productName = RxCocoa;
		};
		051778F9292B8B47008EE768 /* RxSwift */ = {
			isa = XCSwiftPackageProductDependency;
			package = 051778F6292B8B47008EE768 /* XCRemoteSwiftPackageReference "RxSwift" */;
			productName = RxSwift;
		};
/* End XCSwiftPackageProductDependency section */
	};
	rootObject = 05AC65562920E51F0042CB5B /* Project object */;
}
